// !$*UTF8*$!
{
	archiveVersion = 1;
	classes = {
	};
	objectVersion = 46;
	objects = {

/* Begin PBXBuildFile section */
		450A9FEF1865D3EB008DBED4 /* DTMenuViewController.m in Sources */ = {isa = PBXBuildFile; fileRef = 450A9FEE1865D3EB008DBED4 /* DTMenuViewController.m */; };
		450A9FF11865DCEA008DBED4 /* QuartzCore.framework in Frameworks */ = {isa = PBXBuildFile; fileRef = 450A9FF01865DCEA008DBED4 /* QuartzCore.framework */; };
		450A9FF71865DF8D008DBED4 /* DTSideMenuViewController.m in Sources */ = {isa = PBXBuildFile; fileRef = 450A9FF61865DF8D008DBED4 /* DTSideMenuViewController.m */; };
		450A9FFB1865E18D008DBED4 /* libz.1.1.3.dylib in Frameworks */ = {isa = PBXBuildFile; fileRef = 450A9FFA1865E18D008DBED4 /* libz.1.1.3.dylib */; };
		450A9FFD1865E1BE008DBED4 /* SystemConfiguration.framework in Frameworks */ = {isa = PBXBuildFile; fileRef = 450A9FFC1865E1BE008DBED4 /* SystemConfiguration.framework */; };
		452369B4186658E600B8E877 /* TableCell.m in Sources */ = {isa = PBXBuildFile; fileRef = 452369B3186658E600B8E877 /* TableCell.m */; };
		452369B718665A3500B8E877 /* profile-stats-bg.png in Resources */ = {isa = PBXBuildFile; fileRef = 452369B618665A3500B8E877 /* profile-stats-bg.png */; };
		452369B918665A4000B8E877 /* home-1.jpg in Resources */ = {isa = PBXBuildFile; fileRef = 452369B818665A4000B8E877 /* home-1.jpg */; };
		453B16E0188318210072E979 /* DTMapViewController.m in Sources */ = {isa = PBXBuildFile; fileRef = 453B16DF188318210072E979 /* DTMapViewController.m */; };
		453B16E218831FF80072E979 /* background.png in Resources */ = {isa = PBXBuildFile; fileRef = 453B16E118831FF80072E979 /* background.png */; };
		453B16E41883254F0072E979 /* like.png in Resources */ = {isa = PBXBuildFile; fileRef = 453B16E31883254F0072E979 /* like.png */; };
		453B16E7188325650072E979 /* unfavorite.png in Resources */ = {isa = PBXBuildFile; fileRef = 453B16E5188325650072E979 /* unfavorite.png */; };
		453B16E8188325650072E979 /* unlike.png in Resources */ = {isa = PBXBuildFile; fileRef = 453B16E6188325650072E979 /* unlike.png */; };
		453B16EB1883289D0072E979 /* DTLoginViewController.m in Sources */ = {isa = PBXBuildFile; fileRef = 453B16EA1883289D0072E979 /* DTLoginViewController.m */; };
		456D375C1868754000AE949F /* galaxy.png in Resources */ = {isa = PBXBuildFile; fileRef = 456D375B1868754000AE949F /* galaxy.png */; };
		456D375E1868BADE00AE949F /* TableCell.xib in Resources */ = {isa = PBXBuildFile; fileRef = 456D375D1868BADE00AE949F /* TableCell.xib */; };
		456D376018690BD800AE949F /* karageorgou1.png in Resources */ = {isa = PBXBuildFile; fileRef = 456D375F18690BD800AE949F /* karageorgou1.png */; };
		45A11CD0186515C00059CA05 /* Foundation.framework in Frameworks */ = {isa = PBXBuildFile; fileRef = 45A11CCF186515C00059CA05 /* Foundation.framework */; };
		45A11CD2186515C00059CA05 /* CoreGraphics.framework in Frameworks */ = {isa = PBXBuildFile; fileRef = 45A11CD1186515C00059CA05 /* CoreGraphics.framework */; };
		45A11CD4186515C00059CA05 /* UIKit.framework in Frameworks */ = {isa = PBXBuildFile; fileRef = 45A11CD3186515C00059CA05 /* UIKit.framework */; };
		45A11CDA186515C00059CA05 /* InfoPlist.strings in Resources */ = {isa = PBXBuildFile; fileRef = 45A11CD8186515C00059CA05 /* InfoPlist.strings */; };
		45A11CDC186515C00059CA05 /* main.m in Sources */ = {isa = PBXBuildFile; fileRef = 45A11CDB186515C00059CA05 /* main.m */; };
		45A11CE0186515C00059CA05 /* DTAppDelegate.m in Sources */ = {isa = PBXBuildFile; fileRef = 45A11CDF186515C00059CA05 /* DTAppDelegate.m */; };
		45A11CE3186515C00059CA05 /* Main_iPhone.storyboard in Resources */ = {isa = PBXBuildFile; fileRef = 45A11CE1186515C00059CA05 /* Main_iPhone.storyboard */; };
		45A11CE6186515C00059CA05 /* Main_iPad.storyboard in Resources */ = {isa = PBXBuildFile; fileRef = 45A11CE4186515C00059CA05 /* Main_iPad.storyboard */; };
		45A11CE9186515C00059CA05 /* DTMainViewController.m in Sources */ = {isa = PBXBuildFile; fileRef = 45A11CE8186515C00059CA05 /* DTMainViewController.m */; };
		45A11CEB186515C00059CA05 /* Images.xcassets in Resources */ = {isa = PBXBuildFile; fileRef = 45A11CEA186515C00059CA05 /* Images.xcassets */; };
		45A11CF2186515C10059CA05 /* XCTest.framework in Frameworks */ = {isa = PBXBuildFile; fileRef = 45A11CF1186515C10059CA05 /* XCTest.framework */; };
		45A11CF3186515C10059CA05 /* Foundation.framework in Frameworks */ = {isa = PBXBuildFile; fileRef = 45A11CCF186515C00059CA05 /* Foundation.framework */; };
		45A11CF4186515C10059CA05 /* UIKit.framework in Frameworks */ = {isa = PBXBuildFile; fileRef = 45A11CD3186515C00059CA05 /* UIKit.framework */; };
		45A11CFC186515C10059CA05 /* InfoPlist.strings in Resources */ = {isa = PBXBuildFile; fileRef = 45A11CFA186515C10059CA05 /* InfoPlist.strings */; };
		45A11CFE186515C10059CA05 /* VenuesTests.m in Sources */ = {isa = PBXBuildFile; fileRef = 45A11CFD186515C10059CA05 /* VenuesTests.m */; };
		45E5529E186DAD4300B798CA /* AudioToolbox.framework in Frameworks */ = {isa = PBXBuildFile; fileRef = 45E5529D186DAD4300B798CA /* AudioToolbox.framework */; };
		45E5529F186DAD5100B798CA /* CFNetwork.framework in Frameworks */ = {isa = PBXBuildFile; fileRef = 450A9FFE1865E1CC008DBED4 /* CFNetwork.framework */; };
		45E552A1186DAD6100B798CA /* CoreLocation.framework in Frameworks */ = {isa = PBXBuildFile; fileRef = 45E552A0186DAD6100B798CA /* CoreLocation.framework */; };
		45E552A3186DAD7400B798CA /* MobileCoreServices.framework in Frameworks */ = {isa = PBXBuildFile; fileRef = 45E552A2186DAD7400B798CA /* MobileCoreServices.framework */; };
		45E552A5186DAD8D00B798CA /* Security.framework in Frameworks */ = {isa = PBXBuildFile; fileRef = 45E552A4186DAD8D00B798CA /* Security.framework */; };
		45E552A7186DAD9D00B798CA /* StoreKit.framework in Frameworks */ = {isa = PBXBuildFile; fileRef = 45E552A6186DAD9C00B798CA /* StoreKit.framework */; };
		45E552AB186DB24F00B798CA /* Parse.framework in Frameworks */ = {isa = PBXBuildFile; fileRef = 45E552AA186DB24F00B798CA /* Parse.framework */; };
/* End PBXBuildFile section */

/* Begin PBXContainerItemProxy section */
		45A11CF5186515C10059CA05 /* PBXContainerItemProxy */ = {
			isa = PBXContainerItemProxy;
			containerPortal = 45A11CC4186515C00059CA05 /* Project object */;
			proxyType = 1;
			remoteGlobalIDString = 45A11CCB186515C00059CA05;
			remoteInfo = Venues;
		};
/* End PBXContainerItemProxy section */

/* Begin PBXFileReference section */
		450A9FED1865D3EB008DBED4 /* DTMenuViewController.h */ = {isa = PBXFileReference; fileEncoding = 4; lastKnownFileType = sourcecode.c.h; path = DTMenuViewController.h; sourceTree = "<group>"; };
		450A9FEE1865D3EB008DBED4 /* DTMenuViewController.m */ = {isa = PBXFileReference; fileEncoding = 4; lastKnownFileType = sourcecode.c.objc; path = DTMenuViewController.m; sourceTree = "<group>"; };
		450A9FF01865DCEA008DBED4 /* QuartzCore.framework */ = {isa = PBXFileReference; lastKnownFileType = wrapper.framework; name = QuartzCore.framework; path = System/Library/Frameworks/QuartzCore.framework; sourceTree = SDKROOT; };
		450A9FF51865DF8D008DBED4 /* DTSideMenuViewController.h */ = {isa = PBXFileReference; fileEncoding = 4; lastKnownFileType = sourcecode.c.h; path = DTSideMenuViewController.h; sourceTree = "<group>"; };
		450A9FF61865DF8D008DBED4 /* DTSideMenuViewController.m */ = {isa = PBXFileReference; fileEncoding = 4; lastKnownFileType = sourcecode.c.objc; path = DTSideMenuViewController.m; sourceTree = "<group>"; };
		450A9FFA1865E18D008DBED4 /* libz.1.1.3.dylib */ = {isa = PBXFileReference; lastKnownFileType = "compiled.mach-o.dylib"; name = libz.1.1.3.dylib; path = usr/lib/libz.1.1.3.dylib; sourceTree = SDKROOT; };
		450A9FFC1865E1BE008DBED4 /* SystemConfiguration.framework */ = {isa = PBXFileReference; lastKnownFileType = wrapper.framework; name = SystemConfiguration.framework; path = System/Library/Frameworks/SystemConfiguration.framework; sourceTree = SDKROOT; };
		450A9FFE1865E1CC008DBED4 /* CFNetwork.framework */ = {isa = PBXFileReference; lastKnownFileType = wrapper.framework; name = CFNetwork.framework; path = System/Library/Frameworks/CFNetwork.framework; sourceTree = SDKROOT; };
		450AA0011865FF66008DBED4 /* ControlVariables.h */ = {isa = PBXFileReference; lastKnownFileType = sourcecode.c.h; path = ControlVariables.h; sourceTree = "<group>"; };
		452369B2186658E600B8E877 /* TableCell.h */ = {isa = PBXFileReference; fileEncoding = 4; lastKnownFileType = sourcecode.c.h; name = TableCell.h; path = Venues/TableCell.h; sourceTree = "<group>"; };
		452369B3186658E600B8E877 /* TableCell.m */ = {isa = PBXFileReference; fileEncoding = 4; lastKnownFileType = sourcecode.c.objc; name = TableCell.m; path = Venues/TableCell.m; sourceTree = "<group>"; };
		452369B618665A3500B8E877 /* profile-stats-bg.png */ = {isa = PBXFileReference; lastKnownFileType = image.png; path = "profile-stats-bg.png"; sourceTree = "<group>"; };
		452369B818665A4000B8E877 /* home-1.jpg */ = {isa = PBXFileReference; lastKnownFileType = image.jpeg; path = "home-1.jpg"; sourceTree = "<group>"; };
		453B16DE188318210072E979 /* DTMapViewController.h */ = {isa = PBXFileReference; fileEncoding = 4; lastKnownFileType = sourcecode.c.h; path = DTMapViewController.h; sourceTree = "<group>"; };
		453B16DF188318210072E979 /* DTMapViewController.m */ = {isa = PBXFileReference; fileEncoding = 4; lastKnownFileType = sourcecode.c.objc; path = DTMapViewController.m; sourceTree = "<group>"; };
		453B16E118831FF80072E979 /* background.png */ = {isa = PBXFileReference; lastKnownFileType = image.png; path = background.png; sourceTree = "<group>"; };
		453B16E31883254F0072E979 /* like.png */ = {isa = PBXFileReference; lastKnownFileType = image.png; path = like.png; sourceTree = "<group>"; };
		453B16E5188325650072E979 /* unfavorite.png */ = {isa = PBXFileReference; lastKnownFileType = image.png; path = unfavorite.png; sourceTree = "<group>"; };
		453B16E6188325650072E979 /* unlike.png */ = {isa = PBXFileReference; lastKnownFileType = image.png; path = unlike.png; sourceTree = "<group>"; };
		453B16E91883289D0072E979 /* DTLoginViewController.h */ = {isa = PBXFileReference; fileEncoding = 4; lastKnownFileType = sourcecode.c.h; path = DTLoginViewController.h; sourceTree = "<group>"; };
		453B16EA1883289D0072E979 /* DTLoginViewController.m */ = {isa = PBXFileReference; fileEncoding = 4; lastKnownFileType = sourcecode.c.objc; path = DTLoginViewController.m; sourceTree = "<group>"; };
		456D375B1868754000AE949F /* galaxy.png */ = {isa = PBXFileReference; lastKnownFileType = image.png; path = galaxy.png; sourceTree = "<group>"; };
		456D375D1868BADE00AE949F /* TableCell.xib */ = {isa = PBXFileReference; fileEncoding = 4; lastKnownFileType = file.xib; path = TableCell.xib; sourceTree = "<group>"; };
		456D375F18690BD800AE949F /* karageorgou1.png */ = {isa = PBXFileReference; lastKnownFileType = image.png; path = karageorgou1.png; sourceTree = "<group>"; };
		45A11CCC186515C00059CA05 /* Venues.app */ = {isa = PBXFileReference; explicitFileType = wrapper.application; includeInIndex = 0; path = Venues.app; sourceTree = BUILT_PRODUCTS_DIR; };
		45A11CCF186515C00059CA05 /* Foundation.framework */ = {isa = PBXFileReference; lastKnownFileType = wrapper.framework; name = Foundation.framework; path = System/Library/Frameworks/Foundation.framework; sourceTree = SDKROOT; };
		45A11CD1186515C00059CA05 /* CoreGraphics.framework */ = {isa = PBXFileReference; lastKnownFileType = wrapper.framework; name = CoreGraphics.framework; path = System/Library/Frameworks/CoreGraphics.framework; sourceTree = SDKROOT; };
		45A11CD3186515C00059CA05 /* UIKit.framework */ = {isa = PBXFileReference; lastKnownFileType = wrapper.framework; name = UIKit.framework; path = System/Library/Frameworks/UIKit.framework; sourceTree = SDKROOT; };
		45A11CD7186515C00059CA05 /* Venues-Info.plist */ = {isa = PBXFileReference; lastKnownFileType = text.plist.xml; path = "Venues-Info.plist"; sourceTree = "<group>"; };
		45A11CD9186515C00059CA05 /* en */ = {isa = PBXFileReference; lastKnownFileType = text.plist.strings; name = en; path = en.lproj/InfoPlist.strings; sourceTree = "<group>"; };
		45A11CDB186515C00059CA05 /* main.m */ = {isa = PBXFileReference; lastKnownFileType = sourcecode.c.objc; path = main.m; sourceTree = "<group>"; };
		45A11CDD186515C00059CA05 /* Venues-Prefix.pch */ = {isa = PBXFileReference; lastKnownFileType = sourcecode.c.h; path = "Venues-Prefix.pch"; sourceTree = "<group>"; };
		45A11CDE186515C00059CA05 /* DTAppDelegate.h */ = {isa = PBXFileReference; lastKnownFileType = sourcecode.c.h; path = DTAppDelegate.h; sourceTree = "<group>"; };
		45A11CDF186515C00059CA05 /* DTAppDelegate.m */ = {isa = PBXFileReference; lastKnownFileType = sourcecode.c.objc; path = DTAppDelegate.m; sourceTree = "<group>"; };
		45A11CE2186515C00059CA05 /* Base */ = {isa = PBXFileReference; lastKnownFileType = file.storyboard; name = Base; path = Base.lproj/Main_iPhone.storyboard; sourceTree = "<group>"; };
		45A11CE5186515C00059CA05 /* Base */ = {isa = PBXFileReference; lastKnownFileType = file.storyboard; name = Base; path = Base.lproj/Main_iPad.storyboard; sourceTree = "<group>"; };
		45A11CE7186515C00059CA05 /* DTMainViewController.h */ = {isa = PBXFileReference; lastKnownFileType = sourcecode.c.h; path = DTMainViewController.h; sourceTree = "<group>"; };
		45A11CE8186515C00059CA05 /* DTMainViewController.m */ = {isa = PBXFileReference; lastKnownFileType = sourcecode.c.objc; path = DTMainViewController.m; sourceTree = "<group>"; };
		45A11CEA186515C00059CA05 /* Images.xcassets */ = {isa = PBXFileReference; lastKnownFileType = folder.assetcatalog; path = Images.xcassets; sourceTree = "<group>"; };
		45A11CF0186515C10059CA05 /* VenuesTests.xctest */ = {isa = PBXFileReference; explicitFileType = wrapper.cfbundle; includeInIndex = 0; path = VenuesTests.xctest; sourceTree = BUILT_PRODUCTS_DIR; };
		45A11CF1186515C10059CA05 /* XCTest.framework */ = {isa = PBXFileReference; lastKnownFileType = wrapper.framework; name = XCTest.framework; path = Library/Frameworks/XCTest.framework; sourceTree = DEVELOPER_DIR; };
		45A11CF9186515C10059CA05 /* VenuesTests-Info.plist */ = {isa = PBXFileReference; lastKnownFileType = text.plist.xml; path = "VenuesTests-Info.plist"; sourceTree = "<group>"; };
		45A11CFB186515C10059CA05 /* en */ = {isa = PBXFileReference; lastKnownFileType = text.plist.strings; name = en; path = en.lproj/InfoPlist.strings; sourceTree = "<group>"; };
		45A11CFD186515C10059CA05 /* VenuesTests.m */ = {isa = PBXFileReference; lastKnownFileType = sourcecode.c.objc; path = VenuesTests.m; sourceTree = "<group>"; };
		45E5529D186DAD4300B798CA /* AudioToolbox.framework */ = {isa = PBXFileReference; lastKnownFileType = wrapper.framework; name = AudioToolbox.framework; path = System/Library/Frameworks/AudioToolbox.framework; sourceTree = SDKROOT; };
		45E552A0186DAD6100B798CA /* CoreLocation.framework */ = {isa = PBXFileReference; lastKnownFileType = wrapper.framework; name = CoreLocation.framework; path = System/Library/Frameworks/CoreLocation.framework; sourceTree = SDKROOT; };
		45E552A2186DAD7400B798CA /* MobileCoreServices.framework */ = {isa = PBXFileReference; lastKnownFileType = wrapper.framework; name = MobileCoreServices.framework; path = System/Library/Frameworks/MobileCoreServices.framework; sourceTree = SDKROOT; };
		45E552A4186DAD8D00B798CA /* Security.framework */ = {isa = PBXFileReference; lastKnownFileType = wrapper.framework; name = Security.framework; path = System/Library/Frameworks/Security.framework; sourceTree = SDKROOT; };
		45E552A6186DAD9C00B798CA /* StoreKit.framework */ = {isa = PBXFileReference; lastKnownFileType = wrapper.framework; name = StoreKit.framework; path = System/Library/Frameworks/StoreKit.framework; sourceTree = SDKROOT; };
		45E552AA186DB24F00B798CA /* Parse.framework */ = {isa = PBXFileReference; lastKnownFileType = wrapper.framework; path = Parse.framework; sourceTree = "<group>"; };
/* End PBXFileReference section */

/* Begin PBXFrameworksBuildPhase section */
		45A11CC9186515C00059CA05 /* Frameworks */ = {
			isa = PBXFrameworksBuildPhase;
			buildActionMask = 2147483647;
			files = (
				450A9FFD1865E1BE008DBED4 /* SystemConfiguration.framework in Frameworks */,
				45E552A7186DAD9D00B798CA /* StoreKit.framework in Frameworks */,
				45E552A5186DAD8D00B798CA /* Security.framework in Frameworks */,
				45E552A3186DAD7400B798CA /* MobileCoreServices.framework in Frameworks */,
				45E552A1186DAD6100B798CA /* CoreLocation.framework in Frameworks */,
				45E5529F186DAD5100B798CA /* CFNetwork.framework in Frameworks */,
				45E552AB186DB24F00B798CA /* Parse.framework in Frameworks */,
				45E5529E186DAD4300B798CA /* AudioToolbox.framework in Frameworks */,
				450A9FFB1865E18D008DBED4 /* libz.1.1.3.dylib in Frameworks */,
				450A9FF11865DCEA008DBED4 /* QuartzCore.framework in Frameworks */,
				45A11CD2186515C00059CA05 /* CoreGraphics.framework in Frameworks */,
				45A11CD4186515C00059CA05 /* UIKit.framework in Frameworks */,
				45A11CD0186515C00059CA05 /* Foundation.framework in Frameworks */,
			);
			runOnlyForDeploymentPostprocessing = 0;
		};
		45A11CED186515C10059CA05 /* Frameworks */ = {
			isa = PBXFrameworksBuildPhase;
			buildActionMask = 2147483647;
			files = (
				45A11CF2186515C10059CA05 /* XCTest.framework in Frameworks */,
				45A11CF4186515C10059CA05 /* UIKit.framework in Frameworks */,
				45A11CF3186515C10059CA05 /* Foundation.framework in Frameworks */,
			);
			runOnlyForDeploymentPostprocessing = 0;
		};
/* End PBXFrameworksBuildPhase section */

/* Begin PBXGroup section */
		452369B518665A2500B8E877 /* Images */ = {
			isa = PBXGroup;
			children = (
				453B16E5188325650072E979 /* unfavorite.png */,
				453B16E6188325650072E979 /* unlike.png */,
				453B16E31883254F0072E979 /* like.png */,
				453B16E118831FF80072E979 /* background.png */,
				456D375F18690BD800AE949F /* karageorgou1.png */,
				456D375B1868754000AE949F /* galaxy.png */,
				452369B818665A4000B8E877 /* home-1.jpg */,
				452369B618665A3500B8E877 /* profile-stats-bg.png */,
			);
			name = Images;
			sourceTree = "<group>";
		};
		45A11CC3186515C00059CA05 = {
			isa = PBXGroup;
			children = (
				452369B2186658E600B8E877 /* TableCell.h */,
				452369B3186658E600B8E877 /* TableCell.m */,
				456D375D1868BADE00AE949F /* TableCell.xib */,
				452369B518665A2500B8E877 /* Images */,
				45A11CD5186515C00059CA05 /* Venues */,
				45A11CF7186515C10059CA05 /* VenuesTests */,
				45A11CCE186515C00059CA05 /* Frameworks */,
				45A11CCD186515C00059CA05 /* Products */,
			);
			sourceTree = "<group>";
		};
		45A11CCD186515C00059CA05 /* Products */ = {
			isa = PBXGroup;
			children = (
				45A11CCC186515C00059CA05 /* Venues.app */,
				45A11CF0186515C10059CA05 /* VenuesTests.xctest */,
			);
			name = Products;
			sourceTree = "<group>";
		};
		45A11CCE186515C00059CA05 /* Frameworks */ = {
			isa = PBXGroup;
			children = (
				45E552AA186DB24F00B798CA /* Parse.framework */,
				45E552A6186DAD9C00B798CA /* StoreKit.framework */,
				45E552A4186DAD8D00B798CA /* Security.framework */,
				45E552A2186DAD7400B798CA /* MobileCoreServices.framework */,
				45E552A0186DAD6100B798CA /* CoreLocation.framework */,
				45E5529D186DAD4300B798CA /* AudioToolbox.framework */,
				450A9FFE1865E1CC008DBED4 /* CFNetwork.framework */,
				450A9FFC1865E1BE008DBED4 /* SystemConfiguration.framework */,
				450A9FFA1865E18D008DBED4 /* libz.1.1.3.dylib */,
				450A9FF01865DCEA008DBED4 /* QuartzCore.framework */,
				45A11CCF186515C00059CA05 /* Foundation.framework */,
				45A11CD1186515C00059CA05 /* CoreGraphics.framework */,
				45A11CD3186515C00059CA05 /* UIKit.framework */,
				45A11CF1186515C10059CA05 /* XCTest.framework */,
			);
			name = Frameworks;
			sourceTree = "<group>";
		};
		45A11CD5186515C00059CA05 /* Venues */ = {
			isa = PBXGroup;
			children = (
				450AA0011865FF66008DBED4 /* ControlVariables.h */,
				45A11CDE186515C00059CA05 /* DTAppDelegate.h */,
				45A11CDF186515C00059CA05 /* DTAppDelegate.m */,
				45A11CE1186515C00059CA05 /* Main_iPhone.storyboard */,
				45A11CE4186515C00059CA05 /* Main_iPad.storyboard */,
				45A11CEA186515C00059CA05 /* Images.xcassets */,
				45A11CD6186515C00059CA05 /* Supporting Files */,
				450A9FED1865D3EB008DBED4 /* DTMenuViewController.h */,
				450A9FEE1865D3EB008DBED4 /* DTMenuViewController.m */,
				450A9FF51865DF8D008DBED4 /* DTSideMenuViewController.h */,
				450A9FF61865DF8D008DBED4 /* DTSideMenuViewController.m */,
				45A11CE7186515C00059CA05 /* DTMainViewController.h */,
				45A11CE8186515C00059CA05 /* DTMainViewController.m */,
				453B16DE188318210072E979 /* DTMapViewController.h */,
				453B16DF188318210072E979 /* DTMapViewController.m */,
				453B16E91883289D0072E979 /* DTLoginViewController.h */,
				453B16EA1883289D0072E979 /* DTLoginViewController.m */,
			);
			path = Venues;
			sourceTree = "<group>";
		};
		45A11CD6186515C00059CA05 /* Supporting Files */ = {
			isa = PBXGroup;
			children = (
				45A11CD7186515C00059CA05 /* Venues-Info.plist */,
				45A11CD8186515C00059CA05 /* InfoPlist.strings */,
				45A11CDB186515C00059CA05 /* main.m */,
				45A11CDD186515C00059CA05 /* Venues-Prefix.pch */,
			);
			name = "Supporting Files";
			sourceTree = "<group>";
		};
		45A11CF7186515C10059CA05 /* VenuesTests */ = {
			isa = PBXGroup;
			children = (
				45A11CFD186515C10059CA05 /* VenuesTests.m */,
				45A11CF8186515C10059CA05 /* Supporting Files */,
			);
			path = VenuesTests;
			sourceTree = "<group>";
		};
		45A11CF8186515C10059CA05 /* Supporting Files */ = {
			isa = PBXGroup;
			children = (
				45A11CF9186515C10059CA05 /* VenuesTests-Info.plist */,
				45A11CFA186515C10059CA05 /* InfoPlist.strings */,
			);
			name = "Supporting Files";
			sourceTree = "<group>";
		};
/* End PBXGroup section */

/* Begin PBXNativeTarget section */
		45A11CCB186515C00059CA05 /* Venues */ = {
			isa = PBXNativeTarget;
			buildConfigurationList = 45A11D01186515C10059CA05 /* Build configuration list for PBXNativeTarget "Venues" */;
			buildPhases = (
				45A11CC8186515C00059CA05 /* Sources */,
				45A11CC9186515C00059CA05 /* Frameworks */,
				45A11CCA186515C00059CA05 /* Resources */,
			);
			buildRules = (
			);
			dependencies = (
			);
			name = Venues;
			productName = Venues;
			productReference = 45A11CCC186515C00059CA05 /* Venues.app */;
			productType = "com.apple.product-type.application";
		};
		45A11CEF186515C10059CA05 /* VenuesTests */ = {
			isa = PBXNativeTarget;
			buildConfigurationList = 45A11D04186515C10059CA05 /* Build configuration list for PBXNativeTarget "VenuesTests" */;
			buildPhases = (
				45A11CEC186515C10059CA05 /* Sources */,
				45A11CED186515C10059CA05 /* Frameworks */,
				45A11CEE186515C10059CA05 /* Resources */,
			);
			buildRules = (
			);
			dependencies = (
				45A11CF6186515C10059CA05 /* PBXTargetDependency */,
			);
			name = VenuesTests;
			productName = VenuesTests;
			productReference = 45A11CF0186515C10059CA05 /* VenuesTests.xctest */;
			productType = "com.apple.product-type.bundle.unit-test";
		};
/* End PBXNativeTarget section */

/* Begin PBXProject section */
		45A11CC4186515C00059CA05 /* Project object */ = {
			isa = PBXProject;
			attributes = {
				CLASSPREFIX = DT;
				LastUpgradeCheck = 0500;
				ORGANIZATIONNAME = Stonesoup;
				TargetAttributes = {
					45A11CEF186515C10059CA05 = {
						TestTargetID = 45A11CCB186515C00059CA05;
					};
				};
			};
			buildConfigurationList = 45A11CC7186515C00059CA05 /* Build configuration list for PBXProject "Venues" */;
			compatibilityVersion = "Xcode 3.2";
			developmentRegion = English;
			hasScannedForEncodings = 0;
			knownRegions = (
				en,
				Base,
			);
			mainGroup = 45A11CC3186515C00059CA05;
			productRefGroup = 45A11CCD186515C00059CA05 /* Products */;
			projectDirPath = "";
			projectRoot = "";
			targets = (
				45A11CCB186515C00059CA05 /* Venues */,
				45A11CEF186515C10059CA05 /* VenuesTests */,
			);
		};
/* End PBXProject section */

/* Begin PBXResourcesBuildPhase section */
		45A11CCA186515C00059CA05 /* Resources */ = {
			isa = PBXResourcesBuildPhase;
			buildActionMask = 2147483647;
			files = (
				456D375C1868754000AE949F /* galaxy.png in Resources */,
				453B16E218831FF80072E979 /* background.png in Resources */,
				45A11CE6186515C00059CA05 /* Main_iPad.storyboard in Resources */,
				45A11CEB186515C00059CA05 /* Images.xcassets in Resources */,
				453B16E8188325650072E979 /* unlike.png in Resources */,
				453B16E7188325650072E979 /* unfavorite.png in Resources */,
				452369B918665A4000B8E877 /* home-1.jpg in Resources */,
				45A11CE3186515C00059CA05 /* Main_iPhone.storyboard in Resources */,
				45A11CDA186515C00059CA05 /* InfoPlist.strings in Resources */,
				456D375E1868BADE00AE949F /* TableCell.xib in Resources */,
				456D376018690BD800AE949F /* karageorgou1.png in Resources */,
				452369B718665A3500B8E877 /* profile-stats-bg.png in Resources */,
				453B16E41883254F0072E979 /* like.png in Resources */,
			);
			runOnlyForDeploymentPostprocessing = 0;
		};
		45A11CEE186515C10059CA05 /* Resources */ = {
			isa = PBXResourcesBuildPhase;
			buildActionMask = 2147483647;
			files = (
				45A11CFC186515C10059CA05 /* InfoPlist.strings in Resources */,
			);
			runOnlyForDeploymentPostprocessing = 0;
		};
/* End PBXResourcesBuildPhase section */

/* Begin PBXSourcesBuildPhase section */
		45A11CC8186515C00059CA05 /* Sources */ = {
			isa = PBXSourcesBuildPhase;
			buildActionMask = 2147483647;
			files = (
				450A9FF71865DF8D008DBED4 /* DTSideMenuViewController.m in Sources */,
				453B16E0188318210072E979 /* DTMapViewController.m in Sources */,
				453B16EB1883289D0072E979 /* DTLoginViewController.m in Sources */,
				452369B4186658E600B8E877 /* TableCell.m in Sources */,
				45A11CE0186515C00059CA05 /* DTAppDelegate.m in Sources */,
				45A11CE9186515C00059CA05 /* DTMainViewController.m in Sources */,
				450A9FEF1865D3EB008DBED4 /* DTMenuViewController.m in Sources */,
				45A11CDC186515C00059CA05 /* main.m in Sources */,
			);
			runOnlyForDeploymentPostprocessing = 0;
		};
		45A11CEC186515C10059CA05 /* Sources */ = {
			isa = PBXSourcesBuildPhase;
			buildActionMask = 2147483647;
			files = (
				45A11CFE186515C10059CA05 /* VenuesTests.m in Sources */,
			);
			runOnlyForDeploymentPostprocessing = 0;
		};
/* End PBXSourcesBuildPhase section */

/* Begin PBXTargetDependency section */
		45A11CF6186515C10059CA05 /* PBXTargetDependency */ = {
			isa = PBXTargetDependency;
			target = 45A11CCB186515C00059CA05 /* Venues */;
			targetProxy = 45A11CF5186515C10059CA05 /* PBXContainerItemProxy */;
		};
/* End PBXTargetDependency section */

/* Begin PBXVariantGroup section */
		45A11CD8186515C00059CA05 /* InfoPlist.strings */ = {
			isa = PBXVariantGroup;
			children = (
				45A11CD9186515C00059CA05 /* en */,
			);
			name = InfoPlist.strings;
			sourceTree = "<group>";
		};
		45A11CE1186515C00059CA05 /* Main_iPhone.storyboard */ = {
			isa = PBXVariantGroup;
			children = (
				45A11CE2186515C00059CA05 /* Base */,
			);
			name = Main_iPhone.storyboard;
			sourceTree = "<group>";
		};
		45A11CE4186515C00059CA05 /* Main_iPad.storyboard */ = {
			isa = PBXVariantGroup;
			children = (
				45A11CE5186515C00059CA05 /* Base */,
			);
			name = Main_iPad.storyboard;
			sourceTree = "<group>";
		};
		45A11CFA186515C10059CA05 /* InfoPlist.strings */ = {
			isa = PBXVariantGroup;
			children = (
				45A11CFB186515C10059CA05 /* en */,
			);
			name = InfoPlist.strings;
			sourceTree = "<group>";
		};
/* End PBXVariantGroup section */

/* Begin XCBuildConfiguration section */
		45A11CFF186515C10059CA05 /* Debug */ = {
			isa = XCBuildConfiguration;
			buildSettings = {
				ALWAYS_SEARCH_USER_PATHS = NO;
				ARCHS = "$(ARCHS_STANDARD_INCLUDING_64_BIT)";
				CLANG_CXX_LANGUAGE_STANDARD = "gnu++0x";
				CLANG_CXX_LIBRARY = "libc++";
				CLANG_ENABLE_MODULES = YES;
				CLANG_ENABLE_OBJC_ARC = YES;
				CLANG_WARN_BOOL_CONVERSION = YES;
				CLANG_WARN_CONSTANT_CONVERSION = YES;
				CLANG_WARN_DIRECT_OBJC_ISA_USAGE = YES_ERROR;
				CLANG_WARN_EMPTY_BODY = YES;
				CLANG_WARN_ENUM_CONVERSION = YES;
				CLANG_WARN_INT_CONVERSION = YES;
				CLANG_WARN_OBJC_ROOT_CLASS = YES_ERROR;
				CLANG_WARN__DUPLICATE_METHOD_MATCH = YES;
				"CODE_SIGN_IDENTITY[sdk=iphoneos*]" = "iPhone Developer";
				COPY_PHASE_STRIP = NO;
				GCC_C_LANGUAGE_STANDARD = gnu99;
				GCC_DYNAMIC_NO_PIC = NO;
				GCC_OPTIMIZATION_LEVEL = 0;
				GCC_PREPROCESSOR_DEFINITIONS = (
					"DEBUG=1",
					"$(inherited)",
				);
				GCC_SYMBOLS_PRIVATE_EXTERN = NO;
				GCC_WARN_64_TO_32_BIT_CONVERSION = YES;
				GCC_WARN_ABOUT_RETURN_TYPE = YES_ERROR;
				GCC_WARN_UNDECLARED_SELECTOR = YES;
				GCC_WARN_UNINITIALIZED_AUTOS = YES;
				GCC_WARN_UNUSED_FUNCTION = YES;
				GCC_WARN_UNUSED_VARIABLE = YES;
				IPHONEOS_DEPLOYMENT_TARGET = 7.0;
				ONLY_ACTIVE_ARCH = YES;
				SDKROOT = iphoneos;
				TARGETED_DEVICE_FAMILY = "1,2";
			};
			name = Debug;
		};
		45A11D00186515C10059CA05 /* Release */ = {
			isa = XCBuildConfiguration;
			buildSettings = {
				ALWAYS_SEARCH_USER_PATHS = NO;
				ARCHS = "$(ARCHS_STANDARD_INCLUDING_64_BIT)";
				CLANG_CXX_LANGUAGE_STANDARD = "gnu++0x";
				CLANG_CXX_LIBRARY = "libc++";
				CLANG_ENABLE_MODULES = YES;
				CLANG_ENABLE_OBJC_ARC = YES;
				CLANG_WARN_BOOL_CONVERSION = YES;
				CLANG_WARN_CONSTANT_CONVERSION = YES;
				CLANG_WARN_DIRECT_OBJC_ISA_USAGE = YES_ERROR;
				CLANG_WARN_EMPTY_BODY = YES;
				CLANG_WARN_ENUM_CONVERSION = YES;
				CLANG_WARN_INT_CONVERSION = YES;
				CLANG_WARN_OBJC_ROOT_CLASS = YES_ERROR;
				CLANG_WARN__DUPLICATE_METHOD_MATCH = YES;
				"CODE_SIGN_IDENTITY[sdk=iphoneos*]" = "iPhone Developer";
				COPY_PHASE_STRIP = YES;
				ENABLE_NS_ASSERTIONS = NO;
				GCC_C_LANGUAGE_STANDARD = gnu99;
				GCC_WARN_64_TO_32_BIT_CONVERSION = YES;
				GCC_WARN_ABOUT_RETURN_TYPE = YES_ERROR;
				GCC_WARN_UNDECLARED_SELECTOR = YES;
				GCC_WARN_UNINITIALIZED_AUTOS = YES;
				GCC_WARN_UNUSED_FUNCTION = YES;
				GCC_WARN_UNUSED_VARIABLE = YES;
				IPHONEOS_DEPLOYMENT_TARGET = 7.0;
				SDKROOT = iphoneos;
				TARGETED_DEVICE_FAMILY = "1,2";
				VALIDATE_PRODUCT = YES;
			};
			name = Release;
		};
		45A11D02186515C10059CA05 /* Debug */ = {
			isa = XCBuildConfiguration;
			buildSettings = {
				ASSETCATALOG_COMPILER_APPICON_NAME = AppIcon;
				ASSETCATALOG_COMPILER_LAUNCHIMAGE_NAME = LaunchImage;
				FRAMEWORK_SEARCH_PATHS = (
					"$(inherited)",
					"$(DEVELOPER_FRAMEWORKS_DIR)",
					/Users/Louloudis/Desktop/desktop4recording/Venues,
				);
				GCC_PRECOMPILE_PREFIX_HEADER = YES;
				GCC_PREFIX_HEADER = "Venues/Venues-Prefix.pch";
				INFOPLIST_FILE = "Venues/Venues-Info.plist";
				PRODUCT_NAME = "$(TARGET_NAME)";
				WRAPPER_EXTENSION = app;
			};
			name = Debug;
		};
		45A11D03186515C10059CA05 /* Release */ = {
			isa = XCBuildConfiguration;
			buildSettings = {
				ASSETCATALOG_COMPILER_APPICON_NAME = AppIcon;
				ASSETCATALOG_COMPILER_LAUNCHIMAGE_NAME = LaunchImage;
				FRAMEWORK_SEARCH_PATHS = (
					"$(inherited)",
					"$(DEVELOPER_FRAMEWORKS_DIR)",
					/Users/Louloudis/Desktop/desktop4recording/Venues,
				);
				GCC_PRECOMPILE_PREFIX_HEADER = YES;
				GCC_PREFIX_HEADER = "Venues/Venues-Prefix.pch";
				INFOPLIST_FILE = "Venues/Venues-Info.plist";
				PRODUCT_NAME = "$(TARGET_NAME)";
				WRAPPER_EXTENSION = app;
			};
			name = Release;
		};
		45A11D05186515C10059CA05 /* Debug */ = {
			isa = XCBuildConfiguration;
			buildSettings = {
				ARCHS = "$(ARCHS_STANDARD_INCLUDING_64_BIT)";
				BUNDLE_LOADER = "$(BUILT_PRODUCTS_DIR)/Venues.app/Venues";
				FRAMEWORK_SEARCH_PATHS = (
					"$(SDKROOT)/Developer/Library/Frameworks",
					"$(inherited)",
					"$(DEVELOPER_FRAMEWORKS_DIR)",
				);
				GCC_PRECOMPILE_PREFIX_HEADER = YES;
				GCC_PREFIX_HEADER = "Venues/Venues-Prefix.pch";
				GCC_PREPROCESSOR_DEFINITIONS = (
					"DEBUG=1",
					"$(inherited)",
				);
				INFOPLIST_FILE = "VenuesTests/VenuesTests-Info.plist";
				PRODUCT_NAME = "$(TARGET_NAME)";
				TEST_HOST = "$(BUNDLE_LOADER)";
				WRAPPER_EXTENSION = xctest;
			};
			name = Debug;
		};
		45A11D06186515C10059CA05 /* Release */ = {
			isa = XCBuildConfiguration;
			buildSettings = {
				ARCHS = "$(ARCHS_STANDARD_INCLUDING_64_BIT)";
				BUNDLE_LOADER = "$(BUILT_PRODUCTS_DIR)/Venues.app/Venues";
				FRAMEWORK_SEARCH_PATHS = (
					"$(SDKROOT)/Developer/Library/Frameworks",
					"$(inherited)",
					"$(DEVELOPER_FRAMEWORKS_DIR)",
				);
				GCC_PRECOMPILE_PREFIX_HEADER = YES;
				GCC_PREFIX_HEADER = "Venues/Venues-Prefix.pch";
				INFOPLIST_FILE = "VenuesTests/VenuesTests-Info.plist";
				PRODUCT_NAME = "$(TARGET_NAME)";
				TEST_HOST = "$(BUNDLE_LOADER)";
				WRAPPER_EXTENSION = xctest;
			};
			name = Release;
		};
/* End XCBuildConfiguration section */

/* Begin XCConfigurationList section */
		45A11CC7186515C00059CA05 /* Build configuration list for PBXProject "Venues" */ = {
			isa = XCConfigurationList;
			buildConfigurations = (
				45A11CFF186515C10059CA05 /* Debug */,
				45A11D00186515C10059CA05 /* Release */,
			);
			defaultConfigurationIsVisible = 0;
			defaultConfigurationName = Release;
		};
		45A11D01186515C10059CA05 /* Build configuration list for PBXNativeTarget "Venues" */ = {
			isa = XCConfigurationList;
			buildConfigurations = (
				45A11D02186515C10059CA05 /* Debug */,
				45A11D03186515C10059CA05 /* Release */,
			);
			defaultConfigurationIsVisible = 0;
			defaultConfigurationName = Release;
		};
		45A11D04186515C10059CA05 /* Build configuration list for PBXNativeTarget "VenuesTests" */ = {
			isa = XCConfigurationList;
			buildConfigurations = (
				45A11D05186515C10059CA05 /* Debug */,
				45A11D06186515C10059CA05 /* Release */,
			);
			defaultConfigurationIsVisible = 0;
			defaultConfigurationName = Release;
		};
/* End XCConfigurationList section */
	};
	rootObject = 45A11CC4186515C00059CA05 /* Project object */;
}
